
Microsoft Visual Studio Solution File, Format Version 12.00
# Visual Studio Version 17
VisualStudioVersion = 17.1.32414.318
MinimumVisualStudioVersion = 10.0.40219.1
Project("{FAE04EC0-301F-11D3-BF4B-00C04F79EFBC}") = "WebApi", "WebApi.csproj", "{5715B6F2-D5BA-4C41-9BC2-9F7EE76DFF8C}"
EndProject
Global
	GlobalSection(SolutionConfigurationPlatforms) = preSolution
		Debug|Any CPU = Debug|Any CPU
		Release|Any CPU = Release|Any CPU
	EndGlobalSection
	GlobalSection(ProjectConfigurationPlatforms) = postSolution
		{5715B6F2-D5BA-4C41-9BC2-9F7EE76DFF8C}.Debug|Any CPU.ActiveCfg = Debug|Any CPU
		{5715B6F2-D5BA-4C41-9BC2-9F7EE76DFF8C}.Debug|Any CPU.Build.0 = Debug|Any CPU
		{5715B6F2-D5BA-4C41-9BC2-9F7EE76DFF8C}.Release|Any CPU.ActiveCfg = Release|Any CPU
		{5715B6F2-D5BA-4C41-9BC2-9F7EE76DFF8C}.Release|Any CPU.Build.0 = Release|Any CPU
	EndGlobalSection
	GlobalSection(SolutionProperties) = preSolution
		HideSolutionNode = FALSE
	EndGlobalSection
	GlobalSection(ExtensibilityGlobals) = postSolution
		SolutionGuid = {C4C0A43C-E4B6-49CE-8AB0-83A1E024FE6C}
	EndGlobalSection
EndGlobal
